
Microsoft Visual Studio Solution File, Format Version 12.00
# Visual Studio Version 17
VisualStudioVersion = 17.3.32804.467
MinimumVisualStudioVersion = 10.0.40219.1
Project("{9A19103F-16F7-4668-BE54-9A1E7A4F7556}") = "WeatherAPI", "Weather\WeatherAPI.csproj", "{3AB78FBC-03FF-4B24-A801-A749E372C8C3}"
EndProject
Project("{9A19103F-16F7-4668-BE54-9A1E7A4F7556}") = "DuendeIDS", "DuendeIDS\DuendeIDS.csproj", "{53CFA7C8-FA15-49F1-95DF-81765F0584E8}"
EndProject
Project("{FAE04EC0-301F-11D3-BF4B-00C04F79EFBC}") = "WeatherMVC", "WeatherMVC\WeatherMVC.csproj", "{B747C79D-DD5E-486E-8CAF-497745D06851}"
EndProject
Global
	GlobalSection(SolutionConfigurationPlatforms) = preSolution
		Debug|Any CPU = Debug|Any CPU
		Release|Any CPU = Release|Any CPU
	EndGlobalSection
	GlobalSection(ProjectConfigurationPlatforms) = postSolution
		{3AB78FBC-03FF-4B24-A801-A749E372C8C3}.Debug|Any CPU.ActiveCfg = Debug|Any CPU
		{3AB78FBC-03FF-4B24-A801-A749E372C8C3}.Debug|Any CPU.Build.0 = Debug|Any CPU
		{3AB78FBC-03FF-4B24-A801-A749E372C8C3}.Release|Any CPU.ActiveCfg = Release|Any CPU
		{3AB78FBC-03FF-4B24-A801-A749E372C8C3}.Release|Any CPU.Build.0 = Release|Any CPU
		{53CFA7C8-FA15-49F1-95DF-81765F0584E8}.Debug|Any CPU.ActiveCfg = Debug|Any CPU
		{53CFA7C8-FA15-49F1-95DF-81765F0584E8}.Debug|Any CPU.Build.0 = Debug|Any CPU
		{53CFA7C8-FA15-49F1-95DF-81765F0584E8}.Release|Any CPU.ActiveCfg = Release|Any CPU
		{53CFA7C8-FA15-49F1-95DF-81765F0584E8}.Release|Any CPU.Build.0 = Release|Any CPU
		{B747C79D-DD5E-486E-8CAF-497745D06851}.Debug|Any CPU.ActiveCfg = Debug|Any CPU
		{B747C79D-DD5E-486E-8CAF-497745D06851}.Debug|Any CPU.Build.0 = Debug|Any CPU
		{B747C79D-DD5E-486E-8CAF-497745D06851}.Release|Any CPU.ActiveCfg = Release|Any CPU
		{B747C79D-DD5E-486E-8CAF-497745D06851}.Release|Any CPU.Build.0 = Release|Any CPU
	EndGlobalSection
	GlobalSection(SolutionProperties) = preSolution
		HideSolutionNode = FALSE
	EndGlobalSection
	GlobalSection(ExtensibilityGlobals) = postSolution
		SolutionGuid = {D3A5B992-7D43-4EDB-9095-FE512C51F07F}
	EndGlobalSection
EndGlobal
